
Microsoft Visual Studio Solution File, Format Version 12.00
# Visual Studio Version 17
VisualStudioVersion = 17.11.35222.181
MinimumVisualStudioVersion = 10.0.40219.1
Project("{FAE04EC0-301F-11D3-BF4B-00C04F79EFBC}") = "TheLongGame", "TheLongGame\TheLongGame.csproj", "{ABD2D2CA-56F9-4D5F-A828-63748A7B0F90}"
EndProject
Global
	GlobalSection(SolutionConfigurationPlatforms) = preSolution
		Debug|Any CPU = Debug|Any CPU
		Release|Any CPU = Release|Any CPU
	EndGlobalSection
	GlobalSection(ProjectConfigurationPlatforms) = postSolution
		{ABD2D2CA-56F9-4D5F-A828-63748A7B0F90}.Debug|Any CPU.ActiveCfg = Debug|Any CPU
		{ABD2D2CA-56F9-4D5F-A828-63748A7B0F90}.Debug|Any CPU.Build.0 = Debug|Any CPU
		{ABD2D2CA-56F9-4D5F-A828-63748A7B0F90}.Release|Any CPU.ActiveCfg = Release|Any CPU
		{ABD2D2CA-56F9-4D5F-A828-63748A7B0F90}.Release|Any CPU.Build.0 = Release|Any CPU
	EndGlobalSection
	GlobalSection(SolutionProperties) = preSolution
		HideSolutionNode = FALSE
	EndGlobalSection
	GlobalSection(ExtensibilityGlobals) = postSolution
		SolutionGuid = {227E9D4B-7D0D-4129-AA67-18687E8E4B2D}
	EndGlobalSection
EndGlobal
